
Microsoft Visual Studio Solution File, Format Version 12.00
# Visual Studio Version 16
VisualStudioVersion = 16.0.30128.74
MinimumVisualStudioVersion = 10.0.40219.1
Project("{FAE04EC0-301F-11D3-BF4B-00C04F79EFBC}") = "TestGita", "TestGita\TestGita.csproj", "{BF7331D3-4250-42A3-BB06-14A066C54D92}"
EndProject
Global
	GlobalSection(SolutionConfigurationPlatforms) = preSolution
		Debug|Any CPU = Debug|Any CPU
		Release|Any CPU = Release|Any CPU
	EndGlobalSection
	GlobalSection(ProjectConfigurationPlatforms) = postSolution
		{BF7331D3-4250-42A3-BB06-14A066C54D92}.Debug|Any CPU.ActiveCfg = Debug|Any CPU
		{BF7331D3-4250-42A3-BB06-14A066C54D92}.Debug|Any CPU.Build.0 = Debug|Any CPU
		{BF7331D3-4250-42A3-BB06-14A066C54D92}.Release|Any CPU.ActiveCfg = Release|Any CPU
		{BF7331D3-4250-42A3-BB06-14A066C54D92}.Release|Any CPU.Build.0 = Release|Any CPU
	EndGlobalSection
	GlobalSection(SolutionProperties) = preSolution
		HideSolutionNode = FALSE
	EndGlobalSection
	GlobalSection(ExtensibilityGlobals) = postSolution
		SolutionGuid = {ED51431E-7DFB-4793-B66C-3B085CEC40C2}
	EndGlobalSection
EndGlobal
